
Microsoft Visual Studio Solution File, Format Version 12.00
Project("{FAE04EC0-301F-11D3-BF4B-00C04F79EFBC}") = "Ebay", "Ebay\Ebay.csproj", "{15A8559D-B2EF-43FA-A891-7A1444430CA6}"
EndProject
Project("{2150E333-8FDC-42A3-9474-1A3956D46DE8}") = "Solution Items", "Solution Items", "{AFE141F9-4F20-4390-BDD1-1D2ED0928EFD}"
	ProjectSection(SolutionItems) = preProject
		Ebay.sln.DotSettings = Ebay.sln.DotSettings
		Dockerfile = Dockerfile
		.dockerignore = .dockerignore
		.gitignore = .gitignore
		docker-compose.yaml = docker-compose.yaml
		README.md = README.md
	EndProjectSection
EndProject
Project("{2150E333-8FDC-42A3-9474-1A3956D46DE8}") = "EbayChromeExtension", "EbayChromeExtension", "{5FBBDAFE-DAD8-4A80-BBB2-7E9F14C52B69}"
	ProjectSection(SolutionItems) = preProject
		EbayChromeExtension\ebay.js = EbayChromeExtension\ebay.js
		EbayChromeExtension\manifest.json = EbayChromeExtension\manifest.json
		EbayChromeExtension\background.js = EbayChromeExtension\background.js
	EndProjectSection
EndProject
Project("{2150E333-8FDC-42A3-9474-1A3956D46DE8}") = ".github", ".github", "{14CB0094-005A-41DB-A35A-E90FCE8D2D79}"
	ProjectSection(SolutionItems) = preProject
		.github\workflows\action.yaml = .github\workflows\action.yaml
	EndProjectSection
EndProject
Project("{2150E333-8FDC-42A3-9474-1A3956D46DE8}") = "workflows", "workflows", "{48DA1592-2C5B-4228-9BF9-45E64F4CAF39}"
EndProject
Global
	GlobalSection(SolutionConfigurationPlatforms) = preSolution
		Debug|Any CPU = Debug|Any CPU
		Release|Any CPU = Release|Any CPU
	EndGlobalSection
	GlobalSection(ProjectConfigurationPlatforms) = postSolution
		{15A8559D-B2EF-43FA-A891-7A1444430CA6}.Debug|Any CPU.ActiveCfg = Debug|Any CPU
		{15A8559D-B2EF-43FA-A891-7A1444430CA6}.Debug|Any CPU.Build.0 = Debug|Any CPU
		{15A8559D-B2EF-43FA-A891-7A1444430CA6}.Release|Any CPU.ActiveCfg = Release|Any CPU
		{15A8559D-B2EF-43FA-A891-7A1444430CA6}.Release|Any CPU.Build.0 = Release|Any CPU
	EndGlobalSection
	GlobalSection(NestedProjects) = preSolution
		{5FBBDAFE-DAD8-4A80-BBB2-7E9F14C52B69} = {AFE141F9-4F20-4390-BDD1-1D2ED0928EFD}
		{14CB0094-005A-41DB-A35A-E90FCE8D2D79} = {AFE141F9-4F20-4390-BDD1-1D2ED0928EFD}
		{48DA1592-2C5B-4228-9BF9-45E64F4CAF39} = {14CB0094-005A-41DB-A35A-E90FCE8D2D79}
	EndGlobalSection
EndGlobal
