
Microsoft Visual Studio Solution File, Format Version 12.00
Project("{FAE04EC0-301F-11D3-BF4B-00C04F79EFBC}") = "Ebay", "Ebay\Ebay.csproj", "{15A8559D-B2EF-43FA-A891-7A1444430CA6}"
EndProject
Project("{2150E333-8FDC-42A3-9474-1A3956D46DE8}") = "Solution Items", "Solution Items", "{AFE141F9-4F20-4390-BDD1-1D2ED0928EFD}"
	ProjectSection(SolutionItems) = preProject
		Ebay.sln.DotSettings = Ebay.sln.DotSettings
		Dockerfile = Dockerfile
		.dockerignore = .dockerignore
		.gitignore = .gitignore
		.github\workflows\action.yaml = .github\workflows\action.yaml
		docker-compose.yaml = docker-compose.yaml
	EndProjectSection
EndProject
Global
	GlobalSection(SolutionConfigurationPlatforms) = preSolution
		Debug|Any CPU = Debug|Any CPU
		Release|Any CPU = Release|Any CPU
	EndGlobalSection
	GlobalSection(ProjectConfigurationPlatforms) = postSolution
		{15A8559D-B2EF-43FA-A891-7A1444430CA6}.Debug|Any CPU.ActiveCfg = Debug|Any CPU
		{15A8559D-B2EF-43FA-A891-7A1444430CA6}.Debug|Any CPU.Build.0 = Debug|Any CPU
		{15A8559D-B2EF-43FA-A891-7A1444430CA6}.Release|Any CPU.ActiveCfg = Release|Any CPU
		{15A8559D-B2EF-43FA-A891-7A1444430CA6}.Release|Any CPU.Build.0 = Release|Any CPU
	EndGlobalSection
EndGlobal
