
Microsoft Visual Studio Solution File, Format Version 12.00
Project("{FAE04EC0-301F-11D3-BF4B-00C04F79EFBC}") = "Ebay.Server", "Ebay\Server\Ebay.Server.csproj", "{313F456D-150D-48BE-A999-02D44014D57E}"
EndProject
Project("{FAE04EC0-301F-11D3-BF4B-00C04F79EFBC}") = "Ebay.Client", "Ebay\Client\Ebay.Client.csproj", "{53BBA863-3953-4946-AC44-A985C0ABD7DE}"
EndProject
Project("{FAE04EC0-301F-11D3-BF4B-00C04F79EFBC}") = "Ebay.ChromeExtension", "Ebay\ChromeExtension\Ebay.ChromeExtension.csproj", "{3A5EE05B-4765-4C91-8312-CAD655E814A3}"
EndProject
Project("{FAE04EC0-301F-11D3-BF4B-00C04F79EFBC}") = "Tests", "Ebay\Tests\Tests\Tests.csproj", "{32D70E53-E75F-4585-B006-5F787BD9BC84}"
EndProject
Project("{2150E333-8FDC-42A3-9474-1A3956D46DE8}") = "deploy", "deploy", "{DE48F91A-1ED6-4C03-A8BA-8CACB01817FF}"
	ProjectSection(SolutionItems) = preProject
		..\deploy\docker-compose.yaml = ..\deploy\docker-compose.yaml
		..\deploy\localhost.env = ..\deploy\localhost.env
	EndProjectSection
EndProject
Project("{2150E333-8FDC-42A3-9474-1A3956D46DE8}") = "Solution items", "Solution items", "{39B6DEF1-870F-450E-A3CE-07B067A3AC5C}"
	ProjectSection(SolutionItems) = preProject
		..\README.md = ..\README.md
		..\.gitignore = ..\.gitignore
	EndProjectSection
EndProject
Project("{2150E333-8FDC-42A3-9474-1A3956D46DE8}") = "config", "config", "{CB16932F-1338-4CE4-AF92-79DD7BC8CFC9}"
EndProject
Project("{2150E333-8FDC-42A3-9474-1A3956D46DE8}") = ".github", ".github", "{354EA138-CAE8-41D5-9D59-DFECED1B3E17}"
EndProject
Project("{2150E333-8FDC-42A3-9474-1A3956D46DE8}") = "workflows", "workflows", "{50979447-5E9F-423A-BE77-D62E16AE440F}"
	ProjectSection(SolutionItems) = preProject
		..\.github\workflows\action.yaml = ..\.github\workflows\action.yaml
	EndProjectSection
EndProject
Project("{2150E333-8FDC-42A3-9474-1A3956D46DE8}") = "odoo", "odoo", "{7ACFE57E-41B9-47BC-A94B-6BC4793BFDAD}"
EndProject
Project("{2150E333-8FDC-42A3-9474-1A3956D46DE8}") = "config", "config", "{641C128A-BE1A-4A63-941F-773230FFD873}"
	ProjectSection(SolutionItems) = preProject
		..\deploy\config\odoo\config\odoo.conf = ..\deploy\config\odoo\config\odoo.conf
	EndProjectSection
EndProject
Project("{2150E333-8FDC-42A3-9474-1A3956D46DE8}") = "nginx", "nginx", "{509E5EA2-EB90-43B4-9352-F796D98CB6A4}"
	ProjectSection(SolutionItems) = preProject
		..\deploy\config\nginx\default.conf.template = ..\deploy\config\nginx\default.conf.template
	EndProjectSection
EndProject
Project("{2150E333-8FDC-42A3-9474-1A3956D46DE8}") = "postgres", "postgres", "{744217E2-5EBA-47E4-BBD3-2A3DDCFB621E}"
	ProjectSection(SolutionItems) = preProject
		..\deploy\config\postgres\create-multiple-users.sh = ..\deploy\config\postgres\create-multiple-users.sh
	EndProjectSection
EndProject
Global
	GlobalSection(SolutionConfigurationPlatforms) = preSolution
		Debug|Any CPU = Debug|Any CPU
		Release|Any CPU = Release|Any CPU
	EndGlobalSection
	GlobalSection(ProjectConfigurationPlatforms) = postSolution
		{313F456D-150D-48BE-A999-02D44014D57E}.Debug|Any CPU.ActiveCfg = Debug|Any CPU
		{313F456D-150D-48BE-A999-02D44014D57E}.Debug|Any CPU.Build.0 = Debug|Any CPU
		{313F456D-150D-48BE-A999-02D44014D57E}.Release|Any CPU.ActiveCfg = Release|Any CPU
		{313F456D-150D-48BE-A999-02D44014D57E}.Release|Any CPU.Build.0 = Release|Any CPU
		{53BBA863-3953-4946-AC44-A985C0ABD7DE}.Debug|Any CPU.ActiveCfg = Debug|Any CPU
		{53BBA863-3953-4946-AC44-A985C0ABD7DE}.Debug|Any CPU.Build.0 = Debug|Any CPU
		{53BBA863-3953-4946-AC44-A985C0ABD7DE}.Release|Any CPU.ActiveCfg = Release|Any CPU
		{53BBA863-3953-4946-AC44-A985C0ABD7DE}.Release|Any CPU.Build.0 = Release|Any CPU
		{3A5EE05B-4765-4C91-8312-CAD655E814A3}.Debug|Any CPU.ActiveCfg = Debug|Any CPU
		{3A5EE05B-4765-4C91-8312-CAD655E814A3}.Debug|Any CPU.Build.0 = Debug|Any CPU
		{3A5EE05B-4765-4C91-8312-CAD655E814A3}.Release|Any CPU.ActiveCfg = Release|Any CPU
		{3A5EE05B-4765-4C91-8312-CAD655E814A3}.Release|Any CPU.Build.0 = Release|Any CPU
		{32D70E53-E75F-4585-B006-5F787BD9BC84}.Debug|Any CPU.ActiveCfg = Debug|Any CPU
		{32D70E53-E75F-4585-B006-5F787BD9BC84}.Debug|Any CPU.Build.0 = Debug|Any CPU
		{32D70E53-E75F-4585-B006-5F787BD9BC84}.Release|Any CPU.ActiveCfg = Release|Any CPU
		{32D70E53-E75F-4585-B006-5F787BD9BC84}.Release|Any CPU.Build.0 = Release|Any CPU
	EndGlobalSection
	GlobalSection(NestedProjects) = preSolution
		{DE48F91A-1ED6-4C03-A8BA-8CACB01817FF} = {39B6DEF1-870F-450E-A3CE-07B067A3AC5C}
		{CB16932F-1338-4CE4-AF92-79DD7BC8CFC9} = {DE48F91A-1ED6-4C03-A8BA-8CACB01817FF}
		{354EA138-CAE8-41D5-9D59-DFECED1B3E17} = {39B6DEF1-870F-450E-A3CE-07B067A3AC5C}
		{50979447-5E9F-423A-BE77-D62E16AE440F} = {354EA138-CAE8-41D5-9D59-DFECED1B3E17}
		{7ACFE57E-41B9-47BC-A94B-6BC4793BFDAD} = {CB16932F-1338-4CE4-AF92-79DD7BC8CFC9}
		{641C128A-BE1A-4A63-941F-773230FFD873} = {7ACFE57E-41B9-47BC-A94B-6BC4793BFDAD}
		{509E5EA2-EB90-43B4-9352-F796D98CB6A4} = {CB16932F-1338-4CE4-AF92-79DD7BC8CFC9}
		{744217E2-5EBA-47E4-BBD3-2A3DDCFB621E} = {CB16932F-1338-4CE4-AF92-79DD7BC8CFC9}
	EndGlobalSection
EndGlobal
